
Microsoft Visual Studio Solution File, Format Version 12.00
# Visual Studio Version 16
VisualStudioVersion = 16.0.30406.217
MinimumVisualStudioVersion = 10.0.40219.1
Project("{FAE04EC0-301F-11D3-BF4B-00C04F79EFBC}") = "DevCard_MVC", "DevCard_MVC\DevCard_MVC.csproj", "{F5A79DB0-7B94-464B-A7BB-06BBDE29F151}"
EndProject
Global
	GlobalSection(SolutionConfigurationPlatforms) = preSolution
		Debug|Any CPU = Debug|Any CPU
		Release|Any CPU = Release|Any CPU
	EndGlobalSection
	GlobalSection(ProjectConfigurationPlatforms) = postSolution
		{F5A79DB0-7B94-464B-A7BB-06BBDE29F151}.Debug|Any CPU.ActiveCfg = Debug|Any CPU
		{F5A79DB0-7B94-464B-A7BB-06BBDE29F151}.Debug|Any CPU.Build.0 = Debug|Any CPU
		{F5A79DB0-7B94-464B-A7BB-06BBDE29F151}.Release|Any CPU.ActiveCfg = Release|Any CPU
		{F5A79DB0-7B94-464B-A7BB-06BBDE29F151}.Release|Any CPU.Build.0 = Release|Any CPU
	EndGlobalSection
	GlobalSection(SolutionProperties) = preSolution
		HideSolutionNode = FALSE
	EndGlobalSection
	GlobalSection(ExtensibilityGlobals) = postSolution
		SolutionGuid = {69A7CE49-A978-4D6F-976C-2406A81AAEED}
	EndGlobalSection
EndGlobal
